
Microsoft Visual Studio Solution File, Format Version 12.00
# Visual Studio Version 16
VisualStudioVersion = 16.0.30011.22
MinimumVisualStudioVersion = 10.0.40219.1
Project("{FAE04EC0-301F-11D3-BF4B-00C04F79EFBC}") = "EnrollmentExercise", "EnrollmentExercise\EnrollmentExercise.csproj", "{0E4D33CB-F620-4E43-B6F9-4D724F011D1D}"
EndProject
Global
	GlobalSection(SolutionConfigurationPlatforms) = preSolution
		Debug|Any CPU = Debug|Any CPU
		Release|Any CPU = Release|Any CPU
	EndGlobalSection
	GlobalSection(ProjectConfigurationPlatforms) = postSolution
		{0E4D33CB-F620-4E43-B6F9-4D724F011D1D}.Debug|Any CPU.ActiveCfg = Debug|Any CPU
		{0E4D33CB-F620-4E43-B6F9-4D724F011D1D}.Debug|Any CPU.Build.0 = Debug|Any CPU
		{0E4D33CB-F620-4E43-B6F9-4D724F011D1D}.Release|Any CPU.ActiveCfg = Release|Any CPU
		{0E4D33CB-F620-4E43-B6F9-4D724F011D1D}.Release|Any CPU.Build.0 = Release|Any CPU
	EndGlobalSection
	GlobalSection(SolutionProperties) = preSolution
		HideSolutionNode = FALSE
	EndGlobalSection
	GlobalSection(ExtensibilityGlobals) = postSolution
		SolutionGuid = {DA0CA93F-6454-44EC-B9F4-99A7BD55D63E}
	EndGlobalSection
EndGlobal
